// !$*UTF8*$!
{
	archiveVersion = 1;
	classes = {
	};
	objectVersion = 51;
	objects = {

/* Begin PBXBuildFile section */
		07FAA6C12708399A0027C816 /* AccountTableViewController.swift in Sources */ = {isa = PBXBuildFile; fileRef = 07FAA6C02708399A0027C816 /* AccountTableViewController.swift */; };
		07FAA6C3270839C40027C816 /* PrivacyTableViewController.swift in Sources */ = {isa = PBXBuildFile; fileRef = 07FAA6C2270839C40027C816 /* PrivacyTableViewController.swift */; };
		07FAA6C5270839F10027C816 /* SetPasswordViewController.swift in Sources */ = {isa = PBXBuildFile; fileRef = 07FAA6C4270839F10027C816 /* SetPasswordViewController.swift */; };
		07FAA6C727083A3A0027C816 /* SetNameViewController.swift in Sources */ = {isa = PBXBuildFile; fileRef = 07FAA6C627083A3A0027C816 /* SetNameViewController.swift */; };
		53A52841680A0CFCE964E4F1 /* Pods_playpart.framework in Frameworks */ = {isa = PBXBuildFile; fileRef = D906B694EC8694A064EF127D /* Pods_playpart.framework */; };
		BC356960272C36EB007F0888 /* ReportTableViewController.swift in Sources */ = {isa = PBXBuildFile; fileRef = BC35695E272C36EB007F0888 /* ReportTableViewController.swift */; };
		BC356963272C38B3007F0888 /* ReportSelectionViewDelegateDataSource.swift in Sources */ = {isa = PBXBuildFile; fileRef = BC356962272C38B3007F0888 /* ReportSelectionViewDelegateDataSource.swift */; };
		BC356966272C3C87007F0888 /* ReportTableViewCell.swift in Sources */ = {isa = PBXBuildFile; fileRef = BC356964272C3C87007F0888 /* ReportTableViewCell.swift */; };
		BC356967272C3C87007F0888 /* ReportTableViewCell.xib in Resources */ = {isa = PBXBuildFile; fileRef = BC356965272C3C87007F0888 /* ReportTableViewCell.xib */; };
		BC509DDE270D838A004FA272 /* UIApplication + Extension.swift in Sources */ = {isa = PBXBuildFile; fileRef = BC509DDD270D838A004FA272 /* UIApplication + Extension.swift */; };
		BC509DE0270D87A3004FA272 /* View + Extension.swift in Sources */ = {isa = PBXBuildFile; fileRef = BC509DDF270D87A3004FA272 /* View + Extension.swift */; };
		BC509DE2270D87B5004FA272 /* Navigation + Extension.swift in Sources */ = {isa = PBXBuildFile; fileRef = BC509DE1270D87B5004FA272 /* Navigation + Extension.swift */; };
		BC509DE6270D8A1C004FA272 /* StoryboardIntialize.swift in Sources */ = {isa = PBXBuildFile; fileRef = BC509DE5270D8A1C004FA272 /* StoryboardIntialize.swift */; };
		BC509DE8270D8A4B004FA272 /* Home.storyboard in Resources */ = {isa = PBXBuildFile; fileRef = BC509DE7270D8A4B004FA272 /* Home.storyboard */; };
		BC509DEA270D8B64004FA272 /* HomeTabBarController.swift in Sources */ = {isa = PBXBuildFile; fileRef = BC509DE9270D8B64004FA272 /* HomeTabBarController.swift */; };
		BC509DEC270D90C8004FA272 /* PersonalInfoTableViewController.swift in Sources */ = {isa = PBXBuildFile; fileRef = BC509DEB270D90C8004FA272 /* PersonalInfoTableViewController.swift */; };
		BC7226D0270F29EF00636E34 /* PlayerCell.swift in Sources */ = {isa = PBXBuildFile; fileRef = BC7226CE270F29EF00636E34 /* PlayerCell.swift */; };
		BC7226D1270F29EF00636E34 /* PlayerCell.xib in Resources */ = {isa = PBXBuildFile; fileRef = BC7226CF270F29EF00636E34 /* PlayerCell.xib */; };
		BC7226D5270F2AC600636E34 /* CoverA.xib in Resources */ = {isa = PBXBuildFile; fileRef = BC7226D3270F2AC600636E34 /* CoverA.xib */; };
		BC7226D6270F2AC600636E34 /* CoverA.swift in Sources */ = {isa = PBXBuildFile; fileRef = BC7226D4270F2AC600636E34 /* CoverA.swift */; };
		BC76C323271D7AF9003D7344 /* PolicyViewController.swift in Sources */ = {isa = PBXBuildFile; fileRef = BC76C322271D7AF9003D7344 /* PolicyViewController.swift */; };
		BC813E93270304D10051E577 /* ASVideoController.swift in Sources */ = {isa = PBXBuildFile; fileRef = BC813E90270304D10051E577 /* ASVideoController.swift */; };
		BC813E94270304D10051E577 /* ASVideoLayerObject.swift in Sources */ = {isa = PBXBuildFile; fileRef = BC813E91270304D10051E577 /* ASVideoLayerObject.swift */; };
		BC813E95270304D10051E577 /* ASvideoPlayerController.swift in Sources */ = {isa = PBXBuildFile; fileRef = BC813E92270304D10051E577 /* ASvideoPlayerController.swift */; };
		BC813E97270305160051E577 /* PlayerViewController.swift in Sources */ = {isa = PBXBuildFile; fileRef = BC813E96270305160051E577 /* PlayerViewController.swift */; };
		BC813EA4270306C90051E577 /* ShotTableViewCell.xib in Resources */ = {isa = PBXBuildFile; fileRef = BC813EA3270306C90051E577 /* ShotTableViewCell.xib */; };
		BC813EA6270306D00051E577 /* ShotTableViewCell.swift in Sources */ = {isa = PBXBuildFile; fileRef = BC813EA5270306D00051E577 /* ShotTableViewCell.swift */; };
		BC813EA8270314C20051E577 /* StaticaTableView.swift in Sources */ = {isa = PBXBuildFile; fileRef = BC813EA7270314C20051E577 /* StaticaTableView.swift */; };
		BCB65BF0270DC4FA0085F315 /* CamerViewController.swift in Sources */ = {isa = PBXBuildFile; fileRef = BCB65BEF270DC4FA0085F315 /* CamerViewController.swift */; };
		BCB65BF2270DCACA0085F315 /* Record.storyboard in Resources */ = {isa = PBXBuildFile; fileRef = BCB65BF1270DCACA0085F315 /* Record.storyboard */; };
		BCB65BF6270DDCB00085F315 /* RecordVideoViewController.swift in Sources */ = {isa = PBXBuildFile; fileRef = BCB65BF5270DDCB00085F315 /* RecordVideoViewController.swift */; };
		BCCDB65C27109B5500AC484C /* PrivacyViewController.swift in Sources */ = {isa = PBXBuildFile; fileRef = BCCDB65A27109B5500AC484C /* PrivacyViewController.swift */; };
		BCCDB65D27109B5500AC484C /* PrivacyViewController.xib in Resources */ = {isa = PBXBuildFile; fileRef = BCCDB65B27109B5500AC484C /* PrivacyViewController.xib */; };
		BCCDB66127109C2400AC484C /* privacyPolicy.pdf in Resources */ = {isa = PBXBuildFile; fileRef = BCCDB66027109C2400AC484C /* privacyPolicy.pdf */; };
		BCE4BF83271056D800AC4D1C /* CameraConfiguration.swift in Sources */ = {isa = PBXBuildFile; fileRef = BCE4BF82271056D800AC4D1C /* CameraConfiguration.swift */; };
		BCE4BF852710769300AC4D1C /* VideoPlayerView.swift in Sources */ = {isa = PBXBuildFile; fileRef = BCE4BF842710769300AC4D1C /* VideoPlayerView.swift */; };
		BCE4BF88271076AE00AC4D1C /* VideoCacheManager.swift in Sources */ = {isa = PBXBuildFile; fileRef = BCE4BF87271076AD00AC4D1C /* VideoCacheManager.swift */; };
		BCE4BF8C27107D0400AC4D1C /* PlayerTableViewController.swift in Sources */ = {isa = PBXBuildFile; fileRef = BCE4BF8B27107D0400AC4D1C /* PlayerTableViewController.swift */; };
		BCE4BF8F27107DC700AC4D1C /* HomeTableViewCell.swift in Sources */ = {isa = PBXBuildFile; fileRef = BCE4BF8D27107DC700AC4D1C /* HomeTableViewCell.swift */; };
		BCE4BF9027107DC700AC4D1C /* HomeTableViewCell.xib in Resources */ = {isa = PBXBuildFile; fileRef = BCE4BF8E27107DC700AC4D1C /* HomeTableViewCell.xib */; };
		E90B487426F0DC2200D6596C /* LoadingView.swift in Sources */ = {isa = PBXBuildFile; fileRef = E90B487326F0DC2200D6596C /* LoadingView.swift */; };
		E961C0E026EF1E5E00C01F1E /* UISelectionViewController.swift in Sources */ = {isa = PBXBuildFile; fileRef = E961C0DF26EF1E5E00C01F1E /* UISelectionViewController.swift */; };
		E961C0E226EF4EF200C01F1E /* API_Handler.swift in Sources */ = {isa = PBXBuildFile; fileRef = E961C0E126EF4EF200C01F1E /* API_Handler.swift */; };
		E9891E3B26EB3AB90015A43A /* UITextFieldLeftView.swift in Sources */ = {isa = PBXBuildFile; fileRef = E9891E3A26EB3AB90015A43A /* UITextFieldLeftView.swift */; };
		E9981B2F26F356C400F429D4 /* ItemCollectionViewCell.xib in Resources */ = {isa = PBXBuildFile; fileRef = E9981B2E26F356C400F429D4 /* ItemCollectionViewCell.xib */; };
		E9981B3326F49E4000F429D4 /* LoginViewController.swift in Sources */ = {isa = PBXBuildFile; fileRef = E9981B3226F49E4000F429D4 /* LoginViewController.swift */; };
		E9A8B6EA26EF717500A77F56 /* Models.swift in Sources */ = {isa = PBXBuildFile; fileRef = E9A8B6E926EF717500A77F56 /* Models.swift */; };
		E9C1B74226EA094E0055885B /* AppDelegate.swift in Sources */ = {isa = PBXBuildFile; fileRef = E9C1B74126EA094E0055885B /* AppDelegate.swift */; };
		E9C1B74426EA094E0055885B /* SceneDelegate.swift in Sources */ = {isa = PBXBuildFile; fileRef = E9C1B74326EA094E0055885B /* SceneDelegate.swift */; };
		E9C1B74626EA094E0055885B /* ViewController.swift in Sources */ = {isa = PBXBuildFile; fileRef = E9C1B74526EA094E0055885B /* ViewController.swift */; };
		E9C1B74926EA094E0055885B /* Main.storyboard in Resources */ = {isa = PBXBuildFile; fileRef = E9C1B74726EA094E0055885B /* Main.storyboard */; };
		E9C1B74E26EA09500055885B /* LaunchScreen.storyboard in Resources */ = {isa = PBXBuildFile; fileRef = E9C1B74C26EA09500055885B /* LaunchScreen.storyboard */; };
		E9C1B75726EA12B70055885B /* Montserrat-Regular.ttf in Resources */ = {isa = PBXBuildFile; fileRef = E9C1B75626EA12B70055885B /* Montserrat-Regular.ttf */; };
		E9C1B76126EA2D4E0055885B /* Assets.xcassets in Resources */ = {isa = PBXBuildFile; fileRef = E9C1B76026EA2D4D0055885B /* Assets.xcassets */; };
		E9C1B76426EA30B30055885B /* ColorHelper.swift in Sources */ = {isa = PBXBuildFile; fileRef = E9C1B76326EA30B30055885B /* ColorHelper.swift */; };
		E9C1B76826EA39370055885B /* TextfieldHelper.swift in Sources */ = {isa = PBXBuildFile; fileRef = E9C1B76726EA39370055885B /* TextfieldHelper.swift */; };
		E9C89A4D270DABEF0066BB4B /* RecordVideoInfoController.swift in Sources */ = {isa = PBXBuildFile; fileRef = E9C89A4C270DABEF0066BB4B /* RecordVideoInfoController.swift */; };
/* End PBXBuildFile section */

/* Begin PBXFileReference section */
		07FAA6C02708399A0027C816 /* AccountTableViewController.swift */ = {isa = PBXFileReference; lastKnownFileType = sourcecode.swift; path = AccountTableViewController.swift; sourceTree = "<group>"; };
		07FAA6C2270839C40027C816 /* PrivacyTableViewController.swift */ = {isa = PBXFileReference; lastKnownFileType = sourcecode.swift; path = PrivacyTableViewController.swift; sourceTree = "<group>"; };
		07FAA6C4270839F10027C816 /* SetPasswordViewController.swift */ = {isa = PBXFileReference; lastKnownFileType = sourcecode.swift; path = SetPasswordViewController.swift; sourceTree = "<group>"; };
		07FAA6C627083A3A0027C816 /* SetNameViewController.swift */ = {isa = PBXFileReference; lastKnownFileType = sourcecode.swift; path = SetNameViewController.swift; sourceTree = "<group>"; };
		451C9B6749D11D6902220E71 /* Pods-playpart.release.xcconfig */ = {isa = PBXFileReference; includeInIndex = 1; lastKnownFileType = text.xcconfig; name = "Pods-playpart.release.xcconfig"; path = "Target Support Files/Pods-playpart/Pods-playpart.release.xcconfig"; sourceTree = "<group>"; };
		BC35695E272C36EB007F0888 /* ReportTableViewController.swift */ = {isa = PBXFileReference; lastKnownFileType = sourcecode.swift; path = ReportTableViewController.swift; sourceTree = "<group>"; };
		BC356962272C38B3007F0888 /* ReportSelectionViewDelegateDataSource.swift */ = {isa = PBXFileReference; lastKnownFileType = sourcecode.swift; path = ReportSelectionViewDelegateDataSource.swift; sourceTree = "<group>"; };
		BC356964272C3C87007F0888 /* ReportTableViewCell.swift */ = {isa = PBXFileReference; lastKnownFileType = sourcecode.swift; path = ReportTableViewCell.swift; sourceTree = "<group>"; };
		BC356965272C3C87007F0888 /* ReportTableViewCell.xib */ = {isa = PBXFileReference; lastKnownFileType = file.xib; path = ReportTableViewCell.xib; sourceTree = "<group>"; };
		BC509DDD270D838A004FA272 /* UIApplication + Extension.swift */ = {isa = PBXFileReference; fileEncoding = 4; lastKnownFileType = sourcecode.swift; path = "UIApplication + Extension.swift"; sourceTree = "<group>"; };
		BC509DDF270D87A3004FA272 /* View + Extension.swift */ = {isa = PBXFileReference; fileEncoding = 4; lastKnownFileType = sourcecode.swift; path = "View + Extension.swift"; sourceTree = "<group>"; };
		BC509DE1270D87B5004FA272 /* Navigation + Extension.swift */ = {isa = PBXFileReference; fileEncoding = 4; lastKnownFileType = sourcecode.swift; path = "Navigation + Extension.swift"; sourceTree = "<group>"; };
		BC509DE5270D8A1C004FA272 /* StoryboardIntialize.swift */ = {isa = PBXFileReference; fileEncoding = 4; lastKnownFileType = sourcecode.swift; path = StoryboardIntialize.swift; sourceTree = "<group>"; };
		BC509DE7270D8A4B004FA272 /* Home.storyboard */ = {isa = PBXFileReference; lastKnownFileType = file.storyboard; path = Home.storyboard; sourceTree = "<group>"; };
		BC509DE9270D8B64004FA272 /* HomeTabBarController.swift */ = {isa = PBXFileReference; lastKnownFileType = sourcecode.swift; path = HomeTabBarController.swift; sourceTree = "<group>"; };
		BC509DEB270D90C8004FA272 /* PersonalInfoTableViewController.swift */ = {isa = PBXFileReference; lastKnownFileType = sourcecode.swift; path = PersonalInfoTableViewController.swift; sourceTree = "<group>"; };
		BC7226CE270F29EF00636E34 /* PlayerCell.swift */ = {isa = PBXFileReference; lastKnownFileType = sourcecode.swift; path = PlayerCell.swift; sourceTree = "<group>"; };
		BC7226CF270F29EF00636E34 /* PlayerCell.xib */ = {isa = PBXFileReference; lastKnownFileType = file.xib; path = PlayerCell.xib; sourceTree = "<group>"; };
		BC7226D3270F2AC600636E34 /* CoverA.xib */ = {isa = PBXFileReference; fileEncoding = 4; lastKnownFileType = file.xib; path = CoverA.xib; sourceTree = "<group>"; };
		BC7226D4270F2AC600636E34 /* CoverA.swift */ = {isa = PBXFileReference; fileEncoding = 4; lastKnownFileType = sourcecode.swift; path = CoverA.swift; sourceTree = "<group>"; };
		BC76C322271D7AF9003D7344 /* PolicyViewController.swift */ = {isa = PBXFileReference; lastKnownFileType = sourcecode.swift; path = PolicyViewController.swift; sourceTree = "<group>"; };
		BC813E90270304D10051E577 /* ASVideoController.swift */ = {isa = PBXFileReference; fileEncoding = 4; lastKnownFileType = sourcecode.swift; path = ASVideoController.swift; sourceTree = "<group>"; };
		BC813E91270304D10051E577 /* ASVideoLayerObject.swift */ = {isa = PBXFileReference; fileEncoding = 4; lastKnownFileType = sourcecode.swift; path = ASVideoLayerObject.swift; sourceTree = "<group>"; };
		BC813E92270304D10051E577 /* ASvideoPlayerController.swift */ = {isa = PBXFileReference; fileEncoding = 4; lastKnownFileType = sourcecode.swift; path = ASvideoPlayerController.swift; sourceTree = "<group>"; };
		BC813E96270305160051E577 /* PlayerViewController.swift */ = {isa = PBXFileReference; lastKnownFileType = sourcecode.swift; path = PlayerViewController.swift; sourceTree = "<group>"; };
		BC813EA3270306C90051E577 /* ShotTableViewCell.xib */ = {isa = PBXFileReference; fileEncoding = 4; lastKnownFileType = file.xib; path = ShotTableViewCell.xib; sourceTree = "<group>"; };
		BC813EA5270306D00051E577 /* ShotTableViewCell.swift */ = {isa = PBXFileReference; fileEncoding = 4; lastKnownFileType = sourcecode.swift; path = ShotTableViewCell.swift; sourceTree = "<group>"; };
		BC813EA7270314C20051E577 /* StaticaTableView.swift */ = {isa = PBXFileReference; fileEncoding = 4; lastKnownFileType = sourcecode.swift; path = StaticaTableView.swift; sourceTree = "<group>"; };
		BCB65BEF270DC4FA0085F315 /* CamerViewController.swift */ = {isa = PBXFileReference; lastKnownFileType = sourcecode.swift; path = CamerViewController.swift; sourceTree = "<group>"; };
		BCB65BF1270DCACA0085F315 /* Record.storyboard */ = {isa = PBXFileReference; lastKnownFileType = file.storyboard; path = Record.storyboard; sourceTree = "<group>"; };
		BCB65BF5270DDCB00085F315 /* RecordVideoViewController.swift */ = {isa = PBXFileReference; lastKnownFileType = sourcecode.swift; path = RecordVideoViewController.swift; sourceTree = "<group>"; };
		BCCDB65A27109B5500AC484C /* PrivacyViewController.swift */ = {isa = PBXFileReference; lastKnownFileType = sourcecode.swift; path = PrivacyViewController.swift; sourceTree = "<group>"; };
		BCCDB65B27109B5500AC484C /* PrivacyViewController.xib */ = {isa = PBXFileReference; lastKnownFileType = file.xib; path = PrivacyViewController.xib; sourceTree = "<group>"; };
		BCCDB66027109C2400AC484C /* privacyPolicy.pdf */ = {isa = PBXFileReference; lastKnownFileType = image.pdf; path = privacyPolicy.pdf; sourceTree = "<group>"; };
		BCE4BF82271056D800AC4D1C /* CameraConfiguration.swift */ = {isa = PBXFileReference; lastKnownFileType = sourcecode.swift; path = CameraConfiguration.swift; sourceTree = "<group>"; };
		BCE4BF842710769300AC4D1C /* VideoPlayerView.swift */ = {isa = PBXFileReference; lastKnownFileType = sourcecode.swift; path = VideoPlayerView.swift; sourceTree = "<group>"; };
		BCE4BF87271076AD00AC4D1C /* VideoCacheManager.swift */ = {isa = PBXFileReference; fileEncoding = 4; lastKnownFileType = sourcecode.swift; path = VideoCacheManager.swift; sourceTree = "<group>"; };
		BCE4BF8B27107D0400AC4D1C /* PlayerTableViewController.swift */ = {isa = PBXFileReference; lastKnownFileType = sourcecode.swift; path = PlayerTableViewController.swift; sourceTree = "<group>"; };
		BCE4BF8D27107DC700AC4D1C /* HomeTableViewCell.swift */ = {isa = PBXFileReference; lastKnownFileType = sourcecode.swift; path = HomeTableViewCell.swift; sourceTree = "<group>"; };
		BCE4BF8E27107DC700AC4D1C /* HomeTableViewCell.xib */ = {isa = PBXFileReference; lastKnownFileType = file.xib; path = HomeTableViewCell.xib; sourceTree = "<group>"; };
		D906B694EC8694A064EF127D /* Pods_playpart.framework */ = {isa = PBXFileReference; explicitFileType = wrapper.framework; includeInIndex = 0; path = Pods_playpart.framework; sourceTree = BUILT_PRODUCTS_DIR; };
		E90B487326F0DC2200D6596C /* LoadingView.swift */ = {isa = PBXFileReference; lastKnownFileType = sourcecode.swift; path = LoadingView.swift; sourceTree = "<group>"; };
		E961C0DF26EF1E5E00C01F1E /* UISelectionViewController.swift */ = {isa = PBXFileReference; lastKnownFileType = sourcecode.swift; path = UISelectionViewController.swift; sourceTree = "<group>"; };
		E961C0E126EF4EF200C01F1E /* API_Handler.swift */ = {isa = PBXFileReference; lastKnownFileType = sourcecode.swift; path = API_Handler.swift; sourceTree = "<group>"; };
		E9891E3A26EB3AB90015A43A /* UITextFieldLeftView.swift */ = {isa = PBXFileReference; lastKnownFileType = sourcecode.swift; path = UITextFieldLeftView.swift; sourceTree = "<group>"; };
		E9981B2E26F356C400F429D4 /* ItemCollectionViewCell.xib */ = {isa = PBXFileReference; fileEncoding = 4; lastKnownFileType = file.xib; path = ItemCollectionViewCell.xib; sourceTree = "<group>"; };
		E9981B3226F49E4000F429D4 /* LoginViewController.swift */ = {isa = PBXFileReference; lastKnownFileType = sourcecode.swift; path = LoginViewController.swift; sourceTree = "<group>"; };
		E9A8B6E926EF717500A77F56 /* Models.swift */ = {isa = PBXFileReference; lastKnownFileType = sourcecode.swift; path = Models.swift; sourceTree = "<group>"; };
		E9C1B73E26EA094E0055885B /* playpart.app */ = {isa = PBXFileReference; explicitFileType = wrapper.application; includeInIndex = 0; path = playpart.app; sourceTree = BUILT_PRODUCTS_DIR; };
		E9C1B74126EA094E0055885B /* AppDelegate.swift */ = {isa = PBXFileReference; lastKnownFileType = sourcecode.swift; path = AppDelegate.swift; sourceTree = "<group>"; };
		E9C1B74326EA094E0055885B /* SceneDelegate.swift */ = {isa = PBXFileReference; lastKnownFileType = sourcecode.swift; path = SceneDelegate.swift; sourceTree = "<group>"; };
		E9C1B74526EA094E0055885B /* ViewController.swift */ = {isa = PBXFileReference; lastKnownFileType = sourcecode.swift; path = ViewController.swift; sourceTree = "<group>"; };
		E9C1B74826EA094E0055885B /* Base */ = {isa = PBXFileReference; lastKnownFileType = file.storyboard; name = Base; path = Base.lproj/Main.storyboard; sourceTree = "<group>"; };
		E9C1B74D26EA09500055885B /* Base */ = {isa = PBXFileReference; lastKnownFileType = file.storyboard; name = Base; path = Base.lproj/LaunchScreen.storyboard; sourceTree = "<group>"; };
		E9C1B74F26EA09500055885B /* Info.plist */ = {isa = PBXFileReference; lastKnownFileType = text.plist.xml; path = Info.plist; sourceTree = "<group>"; };
		E9C1B75626EA12B70055885B /* Montserrat-Regular.ttf */ = {isa = PBXFileReference; lastKnownFileType = file; path = "Montserrat-Regular.ttf"; sourceTree = "<group>"; };
		E9C1B76026EA2D4D0055885B /* Assets.xcassets */ = {isa = PBXFileReference; lastKnownFileType = folder.assetcatalog; path = Assets.xcassets; sourceTree = "<group>"; };
		E9C1B76326EA30B30055885B /* ColorHelper.swift */ = {isa = PBXFileReference; lastKnownFileType = sourcecode.swift; path = ColorHelper.swift; sourceTree = "<group>"; };
		E9C1B76726EA39370055885B /* TextfieldHelper.swift */ = {isa = PBXFileReference; lastKnownFileType = sourcecode.swift; path = TextfieldHelper.swift; sourceTree = "<group>"; };
		E9C89A4C270DABEF0066BB4B /* RecordVideoInfoController.swift */ = {isa = PBXFileReference; lastKnownFileType = sourcecode.swift; path = RecordVideoInfoController.swift; sourceTree = "<group>"; };
		F16C29823B71519FE18C1640 /* Pods-playpart.debug.xcconfig */ = {isa = PBXFileReference; includeInIndex = 1; lastKnownFileType = text.xcconfig; name = "Pods-playpart.debug.xcconfig"; path = "Target Support Files/Pods-playpart/Pods-playpart.debug.xcconfig"; sourceTree = "<group>"; };
/* End PBXFileReference section */

/* Begin PBXFrameworksBuildPhase section */
		E9C1B73B26EA094E0055885B /* Frameworks */ = {
			isa = PBXFrameworksBuildPhase;
			buildActionMask = 2147483647;
			files = (
				53A52841680A0CFCE964E4F1 /* Pods_playpart.framework in Frameworks */,
			);
			runOnlyForDeploymentPostprocessing = 0;
		};
/* End PBXFrameworksBuildPhase section */

/* Begin PBXGroup section */
		223335D059C2E251A37DDF90 /* Pods */ = {
			isa = PBXGroup;
			children = (
				F16C29823B71519FE18C1640 /* Pods-playpart.debug.xcconfig */,
				451C9B6749D11D6902220E71 /* Pods-playpart.release.xcconfig */,
			);
			path = Pods;
			sourceTree = "<group>";
		};
		AC076CA8AA5A7AF3399D5537 /* Frameworks */ = {
			isa = PBXGroup;
			children = (
				D906B694EC8694A064EF127D /* Pods_playpart.framework */,
			);
			name = Frameworks;
			sourceTree = "<group>";
		};
		BC7226D2270F2AC600636E34 /* CoverView */ = {
			isa = PBXGroup;
			children = (
				BC7226D3270F2AC600636E34 /* CoverA.xib */,
				BC7226D4270F2AC600636E34 /* CoverA.swift */,
			);
			path = CoverView;
			sourceTree = "<group>";
		};
		BC813E862702FC910051E577 /* App_Scene_Delegate */ = {
			isa = PBXGroup;
			children = (
				E9C1B74326EA094E0055885B /* SceneDelegate.swift */,
				E9C1B74126EA094E0055885B /* AppDelegate.swift */,
			);
			path = App_Scene_Delegate;
			sourceTree = "<group>";
		};
		BC813E872702FCC40051E577 /* textFieldHelper */ = {
			isa = PBXGroup;
			children = (
				BC7226D2270F2AC600636E34 /* CoverView */,
				E9C1B76726EA39370055885B /* TextfieldHelper.swift */,
				E9891E3A26EB3AB90015A43A /* UITextFieldLeftView.swift */,
				E9C89A4C270DABEF0066BB4B /* RecordVideoInfoController.swift */,
				BC7226CE270F29EF00636E34 /* PlayerCell.swift */,
				BC7226CF270F29EF00636E34 /* PlayerCell.xib */,
			);
			path = textFieldHelper;
			sourceTree = "<group>";
		};
		BC813E882702FCE50051E577 /* AuthViewController */ = {
			isa = PBXGroup;
			children = (
				BC76C322271D7AF9003D7344 /* PolicyViewController.swift */,
				BCE4BF86271076AD00AC4D1C /* VideoCache */,
				BC813EA7270314C20051E577 /* StaticaTableView.swift */,
				E961C0DF26EF1E5E00C01F1E /* UISelectionViewController.swift */,
				E9C1B74526EA094E0055885B /* ViewController.swift */,
				E9981B3226F49E4000F429D4 /* LoginViewController.swift */,
				BCD731332727EB130012BBFC /* PlyerControllers */,
				BCD731312727EAF70012BBFC /* HomeTableCell */,
				BCD731322727EB040012BBFC /* ShotTableCell */,
				07FAA6C02708399A0027C816 /* AccountTableViewController.swift */,
				07FAA6C2270839C40027C816 /* PrivacyTableViewController.swift */,
				07FAA6C4270839F10027C816 /* SetPasswordViewController.swift */,
				07FAA6C627083A3A0027C816 /* SetNameViewController.swift */,
				BCB65BF5270DDCB00085F315 /* RecordVideoViewController.swift */,
				BCE4BF82271056D800AC4D1C /* CameraConfiguration.swift */,
				BCE4BF842710769300AC4D1C /* VideoPlayerView.swift */,
				BCCDB65A27109B5500AC484C /* PrivacyViewController.swift */,
				BCCDB65B27109B5500AC484C /* PrivacyViewController.xib */,
				BCCDB66027109C2400AC484C /* privacyPolicy.pdf */,
				BC356964272C3C87007F0888 /* ReportTableViewCell.swift */,
				BC356965272C3C87007F0888 /* ReportTableViewCell.xib */,
				BC35695E272C36EB007F0888 /* ReportTableViewController.swift */,
				BC356962272C38B3007F0888 /* ReportSelectionViewDelegateDataSource.swift */,
			);
			path = AuthViewController;
			sourceTree = "<group>";
		};
		BC813E892702FD110051E577 /* itemCollectionCellXIB */ = {
			isa = PBXGroup;
			children = (
				E9981B2E26F356C400F429D4 /* ItemCollectionViewCell.xib */,
			);
			path = itemCollectionCellXIB;
			sourceTree = "<group>";
		};
		BC813E8A2702FD370051E577 /* activityIndicatorView */ = {
			isa = PBXGroup;
			children = (
				E90B487326F0DC2200D6596C /* LoadingView.swift */,
			);
			path = activityIndicatorView;
			sourceTree = "<group>";
		};
		BC813E8B2702FDBC0051E577 /* Api_Models */ = {
			isa = PBXGroup;
			children = (
				E9A8B6E926EF717500A77F56 /* Models.swift */,
			);
			path = Api_Models;
			sourceTree = "<group>";
		};
		BC813E8C2702FDC40051E577 /* Api_Call_Handler */ = {
			isa = PBXGroup;
			children = (
				E961C0E126EF4EF200C01F1E /* API_Handler.swift */,
			);
			path = Api_Call_Handler;
			sourceTree = "<group>";
		};
		BC813E8F270304D10051E577 /* VideosLibrary */ = {
			isa = PBXGroup;
			children = (
				BC813E90270304D10051E577 /* ASVideoController.swift */,
				BC813E91270304D10051E577 /* ASVideoLayerObject.swift */,
				BC813E92270304D10051E577 /* ASvideoPlayerController.swift */,
			);
			path = VideosLibrary;
			sourceTree = "<group>";
		};
		BCD731312727EAF70012BBFC /* HomeTableCell */ = {
			isa = PBXGroup;
			children = (
				BCE4BF8D27107DC700AC4D1C /* HomeTableViewCell.swift */,
				BCE4BF8E27107DC700AC4D1C /* HomeTableViewCell.xib */,
			);
			path = HomeTableCell;
			sourceTree = "<group>";
		};
		BCD731322727EB040012BBFC /* ShotTableCell */ = {
			isa = PBXGroup;
			children = (
				BC813EA5270306D00051E577 /* ShotTableViewCell.swift */,
				BC813EA3270306C90051E577 /* ShotTableViewCell.xib */,
			);
			path = ShotTableCell;
			sourceTree = "<group>";
		};
		BCD731332727EB130012BBFC /* PlyerControllers */ = {
			isa = PBXGroup;
			children = (
				BC813E96270305160051E577 /* PlayerViewController.swift */,
				BCE4BF8B27107D0400AC4D1C /* PlayerTableViewController.swift */,
			);
			path = PlyerControllers;
			sourceTree = "<group>";
		};
		BCE4BF86271076AD00AC4D1C /* VideoCache */ = {
			isa = PBXGroup;
			children = (
				BCE4BF87271076AD00AC4D1C /* VideoCacheManager.swift */,
			);
			path = VideoCache;
			sourceTree = "<group>";
		};
		E9C1B73526EA094D0055885B = {
			isa = PBXGroup;
			children = (
				E9C1B74026EA094E0055885B /* playpart */,
				E9C1B73F26EA094E0055885B /* Products */,
				223335D059C2E251A37DDF90 /* Pods */,
				AC076CA8AA5A7AF3399D5537 /* Frameworks */,
			);
			sourceTree = "<group>";
		};
		E9C1B73F26EA094E0055885B /* Products */ = {
			isa = PBXGroup;
			children = (
				E9C1B73E26EA094E0055885B /* playpart.app */,
			);
			name = Products;
			sourceTree = "<group>";
		};
		E9C1B74026EA094E0055885B /* playpart */ = {
			isa = PBXGroup;
			children = (
				BC813E8F270304D10051E577 /* VideosLibrary */,
				E9C1B75526EA12080055885B /* Fonts */,
				BC813E862702FC910051E577 /* App_Scene_Delegate */,
				E9C1B76226EA308D0055885B /* HelperFiles */,
				BC813E882702FCE50051E577 /* AuthViewController */,
				BC813E8C2702FDC40051E577 /* Api_Call_Handler */,
				BC813E8B2702FDBC0051E577 /* Api_Models */,
				E9C1B74726EA094E0055885B /* Main.storyboard */,
				BC509DE7270D8A4B004FA272 /* Home.storyboard */,
				BCB65BF1270DCACA0085F315 /* Record.storyboard */,
				BC813E892702FD110051E577 /* itemCollectionCellXIB */,
				E9C1B76026EA2D4D0055885B /* Assets.xcassets */,
				BCB65BEF270DC4FA0085F315 /* CamerViewController.swift */,
				E9C1B74C26EA09500055885B /* LaunchScreen.storyboard */,
				E9C1B74F26EA09500055885B /* Info.plist */,
			);
			path = playpart;
			sourceTree = "<group>";
		};
		E9C1B75526EA12080055885B /* Fonts */ = {
			isa = PBXGroup;
			children = (
				E9C1B75626EA12B70055885B /* Montserrat-Regular.ttf */,
			);
			path = Fonts;
			sourceTree = "<group>";
		};
		E9C1B76226EA308D0055885B /* HelperFiles */ = {
			isa = PBXGroup;
			children = (
				BC509DE5270D8A1C004FA272 /* StoryboardIntialize.swift */,
				BC509DDF270D87A3004FA272 /* View + Extension.swift */,
				BC509DDD270D838A004FA272 /* UIApplication + Extension.swift */,
				BC509DE1270D87B5004FA272 /* Navigation + Extension.swift */,
				BC813E8A2702FD370051E577 /* activityIndicatorView */,
				BC813E872702FCC40051E577 /* textFieldHelper */,
				E9C1B76326EA30B30055885B /* ColorHelper.swift */,
				BC509DE9270D8B64004FA272 /* HomeTabBarController.swift */,
				BC509DEB270D90C8004FA272 /* PersonalInfoTableViewController.swift */,
			);
			path = HelperFiles;
			sourceTree = "<group>";
		};
/* End PBXGroup section */

/* Begin PBXNativeTarget section */
		E9C1B73D26EA094E0055885B /* playpart */ = {
			isa = PBXNativeTarget;
			buildConfigurationList = E9C1B75226EA09500055885B /* Build configuration list for PBXNativeTarget "playpart" */;
			buildPhases = (
				E342D7C55FD667FE1D68E475 /* [CP] Check Pods Manifest.lock */,
				E9C1B73A26EA094E0055885B /* Sources */,
				E9C1B73B26EA094E0055885B /* Frameworks */,
				E9C1B73C26EA094E0055885B /* Resources */,
				390653044FB1F33764FC6CD8 /* [CP] Embed Pods Frameworks */,
			);
			buildRules = (
			);
			dependencies = (
			);
			name = playpart;
			productName = playpart;
			productReference = E9C1B73E26EA094E0055885B /* playpart.app */;
			productType = "com.apple.product-type.application";
		};
/* End PBXNativeTarget section */

/* Begin PBXProject section */
		E9C1B73626EA094D0055885B /* Project object */ = {
			isa = PBXProject;
			attributes = {
				LastSwiftUpdateCheck = 1250;
				LastUpgradeCheck = 1250;
				TargetAttributes = {
					E9C1B73D26EA094E0055885B = {
						CreatedOnToolsVersion = 12.5.1;
					};
				};
			};
			buildConfigurationList = E9C1B73926EA094D0055885B /* Build configuration list for PBXProject "playpart" */;
			compatibilityVersion = "Xcode 9.3";
			developmentRegion = en;
			hasScannedForEncodings = 0;
			knownRegions = (
				en,
				Base,
			);
			mainGroup = E9C1B73526EA094D0055885B;
			productRefGroup = E9C1B73F26EA094E0055885B /* Products */;
			projectDirPath = "";
			projectRoot = "";
			targets = (
				E9C1B73D26EA094E0055885B /* playpart */,
			);
		};
/* End PBXProject section */

/* Begin PBXResourcesBuildPhase section */
		E9C1B73C26EA094E0055885B /* Resources */ = {
			isa = PBXResourcesBuildPhase;
			buildActionMask = 2147483647;
			files = (
				BCE4BF9027107DC700AC4D1C /* HomeTableViewCell.xib in Resources */,
				E9C1B75726EA12B70055885B /* Montserrat-Regular.ttf in Resources */,
				E9C1B74E26EA09500055885B /* LaunchScreen.storyboard in Resources */,
				E9981B2F26F356C400F429D4 /* ItemCollectionViewCell.xib in Resources */,
				BC7226D1270F29EF00636E34 /* PlayerCell.xib in Resources */,
				E9C1B74926EA094E0055885B /* Main.storyboard in Resources */,
				E9C1B76126EA2D4E0055885B /* Assets.xcassets in Resources */,
				BCCDB65D27109B5500AC484C /* PrivacyViewController.xib in Resources */,
				BC509DE8270D8A4B004FA272 /* Home.storyboard in Resources */,
				BC7226D5270F2AC600636E34 /* CoverA.xib in Resources */,
				BCCDB66127109C2400AC484C /* privacyPolicy.pdf in Resources */,
				BC813EA4270306C90051E577 /* ShotTableViewCell.xib in Resources */,
				BCB65BF2270DCACA0085F315 /* Record.storyboard in Resources */,
				BC356967272C3C87007F0888 /* ReportTableViewCell.xib in Resources */,
			);
			runOnlyForDeploymentPostprocessing = 0;
		};
/* End PBXResourcesBuildPhase section */

/* Begin PBXShellScriptBuildPhase section */
		390653044FB1F33764FC6CD8 /* [CP] Embed Pods Frameworks */ = {
			isa = PBXShellScriptBuildPhase;
			buildActionMask = 2147483647;
			files = (
			);
			inputFileListPaths = (
				"${PODS_ROOT}/Target Support Files/Pods-playpart/Pods-playpart-frameworks-${CONFIGURATION}-input-files.xcfilelist",
			);
			name = "[CP] Embed Pods Frameworks";
			outputFileListPaths = (
				"${PODS_ROOT}/Target Support Files/Pods-playpart/Pods-playpart-frameworks-${CONFIGURATION}-output-files.xcfilelist",
			);
			runOnlyForDeploymentPostprocessing = 0;
			shellPath = /bin/sh;
			shellScript = "\"${PODS_ROOT}/Target Support Files/Pods-playpart/Pods-playpart-frameworks.sh\"\n";
			showEnvVarsInLog = 0;
		};
		E342D7C55FD667FE1D68E475 /* [CP] Check Pods Manifest.lock */ = {
			isa = PBXShellScriptBuildPhase;
			buildActionMask = 2147483647;
			files = (
			);
			inputFileListPaths = (
			);
			inputPaths = (
				"${PODS_PODFILE_DIR_PATH}/Podfile.lock",
				"${PODS_ROOT}/Manifest.lock",
			);
			name = "[CP] Check Pods Manifest.lock";
			outputFileListPaths = (
			);
			outputPaths = (
				"$(DERIVED_FILE_DIR)/Pods-playpart-checkManifestLockResult.txt",
			);
			runOnlyForDeploymentPostprocessing = 0;
			shellPath = /bin/sh;
			shellScript = "diff \"${PODS_PODFILE_DIR_PATH}/Podfile.lock\" \"${PODS_ROOT}/Manifest.lock\" > /dev/null\nif [ $? != 0 ] ; then\n    # print error to STDERR\n    echo \"error: The sandbox is not in sync with the Podfile.lock. Run 'pod install' or update your CocoaPods installation.\" >&2\n    exit 1\nfi\n# This output is used by Xcode 'outputs' to avoid re-running this script phase.\necho \"SUCCESS\" > \"${SCRIPT_OUTPUT_FILE_0}\"\n";
			showEnvVarsInLog = 0;
		};
/* End PBXShellScriptBuildPhase section */

/* Begin PBXSourcesBuildPhase section */
		E9C1B73A26EA094E0055885B /* Sources */ = {
			isa = PBXSourcesBuildPhase;
			buildActionMask = 2147483647;
			files = (
				E961C0E226EF4EF200C01F1E /* API_Handler.swift in Sources */,
				E9C1B74626EA094E0055885B /* ViewController.swift in Sources */,
				E9C1B76826EA39370055885B /* TextfieldHelper.swift in Sources */,
				BCE4BF852710769300AC4D1C /* VideoPlayerView.swift in Sources */,
				BC813EA6270306D00051E577 /* ShotTableViewCell.swift in Sources */,
				BCE4BF88271076AE00AC4D1C /* VideoCacheManager.swift in Sources */,
				BC509DEA270D8B64004FA272 /* HomeTabBarController.swift in Sources */,
				BC509DE6270D8A1C004FA272 /* StoryboardIntialize.swift in Sources */,
				07FAA6C5270839F10027C816 /* SetPasswordViewController.swift in Sources */,
				BC7226D6270F2AC600636E34 /* CoverA.swift in Sources */,
				E90B487426F0DC2200D6596C /* LoadingView.swift in Sources */,
				BC509DDE270D838A004FA272 /* UIApplication + Extension.swift in Sources */,
				BC509DE2270D87B5004FA272 /* Navigation + Extension.swift in Sources */,
				07FAA6C727083A3A0027C816 /* SetNameViewController.swift in Sources */,
				BC813E95270304D10051E577 /* ASvideoPlayerController.swift in Sources */,
				E9C89A4D270DABEF0066BB4B /* RecordVideoInfoController.swift in Sources */,
				E9C1B74226EA094E0055885B /* AppDelegate.swift in Sources */,
				BC509DEC270D90C8004FA272 /* PersonalInfoTableViewController.swift in Sources */,
				BCE4BF8F27107DC700AC4D1C /* HomeTableViewCell.swift in Sources */,
				E9C1B74426EA094E0055885B /* SceneDelegate.swift in Sources */,
				07FAA6C12708399A0027C816 /* AccountTableViewController.swift in Sources */,
				BC356960272C36EB007F0888 /* ReportTableViewController.swift in Sources */,
				E961C0E026EF1E5E00C01F1E /* UISelectionViewController.swift in Sources */,
				BCB65BF6270DDCB00085F315 /* RecordVideoViewController.swift in Sources */,
				E9891E3B26EB3AB90015A43A /* UITextFieldLeftView.swift in Sources */,
				BC813E94270304D10051E577 /* ASVideoLayerObject.swift in Sources */,
				BCB65BF0270DC4FA0085F315 /* CamerViewController.swift in Sources */,
				BC509DE0270D87A3004FA272 /* View + Extension.swift in Sources */,
				BCE4BF8C27107D0400AC4D1C /* PlayerTableViewController.swift in Sources */,
				E9C1B76426EA30B30055885B /* ColorHelper.swift in Sources */,
				BC813E93270304D10051E577 /* ASVideoController.swift in Sources */,
				E9981B3326F49E4000F429D4 /* LoginViewController.swift in Sources */,
				BCCDB65C27109B5500AC484C /* PrivacyViewController.swift in Sources */,
				BC356966272C3C87007F0888 /* ReportTableViewCell.swift in Sources */,
				BC356963272C38B3007F0888 /* ReportSelectionViewDelegateDataSource.swift in Sources */,
				BC813EA8270314C20051E577 /* StaticaTableView.swift in Sources */,
				BCE4BF83271056D800AC4D1C /* CameraConfiguration.swift in Sources */,
				BC813E97270305160051E577 /* PlayerViewController.swift in Sources */,
				E9A8B6EA26EF717500A77F56 /* Models.swift in Sources */,
				BC7226D0270F29EF00636E34 /* PlayerCell.swift in Sources */,
				07FAA6C3270839C40027C816 /* PrivacyTableViewController.swift in Sources */,
				BC76C323271D7AF9003D7344 /* PolicyViewController.swift in Sources */,
			);
			runOnlyForDeploymentPostprocessing = 0;
		};
/* End PBXSourcesBuildPhase section */

/* Begin PBXVariantGroup section */
		E9C1B74726EA094E0055885B /* Main.storyboard */ = {
			isa = PBXVariantGroup;
			children = (
				E9C1B74826EA094E0055885B /* Base */,
			);
			name = Main.storyboard;
			sourceTree = "<group>";
		};
		E9C1B74C26EA09500055885B /* LaunchScreen.storyboard */ = {
			isa = PBXVariantGroup;
			children = (
				E9C1B74D26EA09500055885B /* Base */,
			);
			name = LaunchScreen.storyboard;
			sourceTree = "<group>";
		};
/* End PBXVariantGroup section */

/* Begin XCBuildConfiguration section */
		E9C1B75026EA09500055885B /* Debug */ = {
			isa = XCBuildConfiguration;
			buildSettings = {
				ALWAYS_SEARCH_USER_PATHS = NO;
				CLANG_ANALYZER_NONNULL = YES;
				CLANG_ANALYZER_NUMBER_OBJECT_CONVERSION = YES_AGGRESSIVE;
				CLANG_CXX_LANGUAGE_STANDARD = "gnu++14";
				CLANG_CXX_LIBRARY = "libc++";
				CLANG_ENABLE_MODULES = YES;
				CLANG_ENABLE_OBJC_ARC = YES;
				CLANG_ENABLE_OBJC_WEAK = YES;
				CLANG_WARN_BLOCK_CAPTURE_AUTORELEASING = YES;
				CLANG_WARN_BOOL_CONVERSION = YES;
				CLANG_WARN_COMMA = YES;
				CLANG_WARN_CONSTANT_CONVERSION = YES;
				CLANG_WARN_DEPRECATED_OBJC_IMPLEMENTATIONS = YES;
				CLANG_WARN_DIRECT_OBJC_ISA_USAGE = YES_ERROR;
				CLANG_WARN_DOCUMENTATION_COMMENTS = YES;
				CLANG_WARN_EMPTY_BODY = YES;
				CLANG_WARN_ENUM_CONVERSION = YES;
				CLANG_WARN_INFINITE_RECURSION = YES;
				CLANG_WARN_INT_CONVERSION = YES;
				CLANG_WARN_NON_LITERAL_NULL_CONVERSION = YES;
				CLANG_WARN_OBJC_IMPLICIT_RETAIN_SELF = YES;
				CLANG_WARN_OBJC_LITERAL_CONVERSION = YES;
				CLANG_WARN_OBJC_ROOT_CLASS = YES_ERROR;
				CLANG_WARN_QUOTED_INCLUDE_IN_FRAMEWORK_HEADER = YES;
				CLANG_WARN_RANGE_LOOP_ANALYSIS = YES;
				CLANG_WARN_STRICT_PROTOTYPES = YES;
				CLANG_WARN_SUSPICIOUS_MOVE = YES;
				CLANG_WARN_UNGUARDED_AVAILABILITY = YES_AGGRESSIVE;
				CLANG_WARN_UNREACHABLE_CODE = YES;
				CLANG_WARN__DUPLICATE_METHOD_MATCH = YES;
				COPY_PHASE_STRIP = NO;
				DEBUG_INFORMATION_FORMAT = dwarf;
				ENABLE_STRICT_OBJC_MSGSEND = YES;
				ENABLE_TESTABILITY = YES;
				GCC_C_LANGUAGE_STANDARD = gnu11;
				GCC_DYNAMIC_NO_PIC = NO;
				GCC_NO_COMMON_BLOCKS = YES;
				GCC_OPTIMIZATION_LEVEL = 0;
				GCC_PREPROCESSOR_DEFINITIONS = (
					"DEBUG=1",
					"$(inherited)",
				);
				GCC_WARN_64_TO_32_BIT_CONVERSION = YES;
				GCC_WARN_ABOUT_RETURN_TYPE = YES_ERROR;
				GCC_WARN_UNDECLARED_SELECTOR = YES;
				GCC_WARN_UNINITIALIZED_AUTOS = YES_AGGRESSIVE;
				GCC_WARN_UNUSED_FUNCTION = YES;
				GCC_WARN_UNUSED_VARIABLE = YES;
				IPHONEOS_DEPLOYMENT_TARGET = 14.5;
				MTL_ENABLE_DEBUG_INFO = INCLUDE_SOURCE;
				MTL_FAST_MATH = YES;
				ONLY_ACTIVE_ARCH = YES;
				SDKROOT = iphoneos;
				SWIFT_ACTIVE_COMPILATION_CONDITIONS = DEBUG;
				SWIFT_OPTIMIZATION_LEVEL = "-Onone";
			};
			name = Debug;
		};
		E9C1B75126EA09500055885B /* Release */ = {
			isa = XCBuildConfiguration;
			buildSettings = {
				ALWAYS_SEARCH_USER_PATHS = NO;
				CLANG_ANALYZER_NONNULL = YES;
				CLANG_ANALYZER_NUMBER_OBJECT_CONVERSION = YES_AGGRESSIVE;
				CLANG_CXX_LANGUAGE_STANDARD = "gnu++14";
				CLANG_CXX_LIBRARY = "libc++";
				CLANG_ENABLE_MODULES = YES;
				CLANG_ENABLE_OBJC_ARC = YES;
				CLANG_ENABLE_OBJC_WEAK = YES;
				CLANG_WARN_BLOCK_CAPTURE_AUTORELEASING = YES;
				CLANG_WARN_BOOL_CONVERSION = YES;
				CLANG_WARN_COMMA = YES;
				CLANG_WARN_CONSTANT_CONVERSION = YES;
				CLANG_WARN_DEPRECATED_OBJC_IMPLEMENTATIONS = YES;
				CLANG_WARN_DIRECT_OBJC_ISA_USAGE = YES_ERROR;
				CLANG_WARN_DOCUMENTATION_COMMENTS = YES;
				CLANG_WARN_EMPTY_BODY = YES;
				CLANG_WARN_ENUM_CONVERSION = YES;
				CLANG_WARN_INFINITE_RECURSION = YES;
				CLANG_WARN_INT_CONVERSION = YES;
				CLANG_WARN_NON_LITERAL_NULL_CONVERSION = YES;
				CLANG_WARN_OBJC_IMPLICIT_RETAIN_SELF = YES;
				CLANG_WARN_OBJC_LITERAL_CONVERSION = YES;
				CLANG_WARN_OBJC_ROOT_CLASS = YES_ERROR;
				CLANG_WARN_QUOTED_INCLUDE_IN_FRAMEWORK_HEADER = YES;
				CLANG_WARN_RANGE_LOOP_ANALYSIS = YES;
				CLANG_WARN_STRICT_PROTOTYPES = YES;
				CLANG_WARN_SUSPICIOUS_MOVE = YES;
				CLANG_WARN_UNGUARDED_AVAILABILITY = YES_AGGRESSIVE;
				CLANG_WARN_UNREACHABLE_CODE = YES;
				CLANG_WARN__DUPLICATE_METHOD_MATCH = YES;
				COPY_PHASE_STRIP = NO;
				DEBUG_INFORMATION_FORMAT = "dwarf-with-dsym";
				ENABLE_NS_ASSERTIONS = NO;
				ENABLE_STRICT_OBJC_MSGSEND = YES;
				GCC_C_LANGUAGE_STANDARD = gnu11;
				GCC_NO_COMMON_BLOCKS = YES;
				GCC_WARN_64_TO_32_BIT_CONVERSION = YES;
				GCC_WARN_ABOUT_RETURN_TYPE = YES_ERROR;
				GCC_WARN_UNDECLARED_SELECTOR = YES;
				GCC_WARN_UNINITIALIZED_AUTOS = YES_AGGRESSIVE;
				GCC_WARN_UNUSED_FUNCTION = YES;
				GCC_WARN_UNUSED_VARIABLE = YES;
				IPHONEOS_DEPLOYMENT_TARGET = 14.5;
				MTL_ENABLE_DEBUG_INFO = NO;
				MTL_FAST_MATH = YES;
				SDKROOT = iphoneos;
				SWIFT_COMPILATION_MODE = wholemodule;
				SWIFT_OPTIMIZATION_LEVEL = "-O";
				VALIDATE_PRODUCT = YES;
			};
			name = Release;
		};
		E9C1B75326EA09500055885B /* Debug */ = {
			isa = XCBuildConfiguration;
			baseConfigurationReference = F16C29823B71519FE18C1640 /* Pods-playpart.debug.xcconfig */;
			buildSettings = {
				ASSETCATALOG_COMPILER_APPICON_NAME = AppIcon;
				ASSETCATALOG_COMPILER_GLOBAL_ACCENT_COLOR_NAME = AccentColor;
				CODE_SIGN_STYLE = Automatic;
				CURRENT_PROJECT_VERSION = 0.0.3;
				DEVELOPMENT_TEAM = 9C49TY9PQ5;
				INFOPLIST_FILE = playpart/Info.plist;
				IPHONEOS_DEPLOYMENT_TARGET = 14.1;
				LD_RUNPATH_SEARCH_PATHS = (
					"$(inherited)",
					"@executable_path/Frameworks",
				);
				PRODUCT_BUNDLE_IDENTIFIER = com.euphoria.playpart;
				PRODUCT_NAME = "$(TARGET_NAME)";
				SWIFT_VERSION = 5.0;
				TARGETED_DEVICE_FAMILY = 1;
			};
			name = Debug;
		};
		E9C1B75426EA09500055885B /* Release */ = {
			isa = XCBuildConfiguration;
			baseConfigurationReference = 451C9B6749D11D6902220E71 /* Pods-playpart.release.xcconfig */;
			buildSettings = {
				ASSETCATALOG_COMPILER_APPICON_NAME = AppIcon;
				ASSETCATALOG_COMPILER_GLOBAL_ACCENT_COLOR_NAME = AccentColor;
				CODE_SIGN_STYLE = Automatic;
				CURRENT_PROJECT_VERSION = 0.0.3;
				DEVELOPMENT_TEAM = 9C49TY9PQ5;
				INFOPLIST_FILE = playpart/Info.plist;
				IPHONEOS_DEPLOYMENT_TARGET = 14.1;
				LD_RUNPATH_SEARCH_PATHS = (
					"$(inherited)",
					"@executable_path/Frameworks",
				);
				PRODUCT_BUNDLE_IDENTIFIER = com.euphoria.playpart;
				PRODUCT_NAME = "$(TARGET_NAME)";
				SWIFT_VERSION = 5.0;
				TARGETED_DEVICE_FAMILY = 1;
			};
			name = Release;
		};
/* End XCBuildConfiguration section */

/* Begin XCConfigurationList section */
		E9C1B73926EA094D0055885B /* Build configuration list for PBXProject "playpart" */ = {
			isa = XCConfigurationList;
			buildConfigurations = (
				E9C1B75026EA09500055885B /* Debug */,
				E9C1B75126EA09500055885B /* Release */,
			);
			defaultConfigurationIsVisible = 0;
			defaultConfigurationName = Release;
		};
		E9C1B75226EA09500055885B /* Build configuration list for PBXNativeTarget "playpart" */ = {
			isa = XCConfigurationList;
			buildConfigurations = (
				E9C1B75326EA09500055885B /* Debug */,
				E9C1B75426EA09500055885B /* Release */,
			);
			defaultConfigurationIsVisible = 0;
			defaultConfigurationName = Release;
		};
/* End XCConfigurationList section */
	};
	rootObject = E9C1B73626EA094D0055885B /* Project object */;
}
